<?xml version="1.0" encoding="utf-8"?>
<Project ToolsVersion="4.0" xmlns="http://schemas.microsoft.com/developer/msbuild/2003">
  <ItemGroup>
    <Filter Include="Source Files">
      <UniqueIdentifier>{4FC737F1-C7A5-4376-A066-2A32D752A2FF}</UniqueIdentifier>
      <Extensions>cpp;c;cc;cxx;c++;cppm;ixx;def;odl;idl;hpj;bat;asm;asmx</Extensions>
    </Filter>
    <Filter Include="Hooks">
      <UniqueIdentifier>{6fac21d3-8fc7-4024-ab12-4ada62713cee}</UniqueIdentifier>
    </Filter>
    <Filter Include="ReverseLib">
      <UniqueIdentifier>{93995380-89BD-4b04-88EB-625FBE52EBFB}</UniqueIdentifier>
      <Extensions>h;hh;hpp;hxx;h++;hm;inl;inc;ipp;xsd</Extensions>
    </Filter>
  </ItemGroup>
  <ItemGroup>
    <ClCompile Include="ReverseKit.cpp">
      <Filter>Source Files</Filter>
    </ClCompile>
  </ItemGroup>
  <ItemGroup>
    <ClInclude Include="Hooks\CheckRemoteDebuggerPresent.h">
      <Filter>Hooks</Filter>
    </ClInclude>
    <ClInclude Include="Hooks\CreateProcessInternalW.h">
      <Filter>Hooks</Filter>
    </ClInclude>
    <ClInclude Include="Hooks\InternetOpenUrlW.h">
      <Filter>Hooks</Filter>
    </ClInclude>
    <ClInclude Include="Hooks\IsDebuggerPresent.h">
      <Filter>Hooks</Filter>
    </ClInclude>
    <ClInclude Include="Hooks\NtCreateThreadEx.h">
      <Filter>Hooks</Filter>
    </ClInclude>
    <ClInclude Include="Hooks\URLDownloadToFileW.h">
      <Filter>Hooks</Filter>
    </ClInclude>
    <ClInclude Include="ReverseLib\ReverseHook.h">
      <Filter>ReverseLib</Filter>
    </ClInclude>
  </ItemGroup>
</Project>